// !$*UTF8*$!
{
	archiveVersion = 1;
	classes = {
	};
	objectVersion = 55;
	objects = {

/* Begin PBXBuildFile section */
		7521A58A29187F9A00402ED1 /* AppDelegate.swift in Sources */ = {isa = PBXBuildFile; fileRef = 7521A58929187F9A00402ED1 /* AppDelegate.swift */; };
		7521A58C29187F9A00402ED1 /* SceneDelegate.swift in Sources */ = {isa = PBXBuildFile; fileRef = 7521A58B29187F9A00402ED1 /* SceneDelegate.swift */; };
		7521A58E29187F9A00402ED1 /* ViewController.swift in Sources */ = {isa = PBXBuildFile; fileRef = 7521A58D29187F9A00402ED1 /* ViewController.swift */; };
		7521A59129187F9A00402ED1 /* Main.storyboard in Resources */ = {isa = PBXBuildFile; fileRef = 7521A58F29187F9A00402ED1 /* Main.storyboard */; };
		7521A59329187F9B00402ED1 /* Assets.xcassets in Resources */ = {isa = PBXBuildFile; fileRef = 7521A59229187F9B00402ED1 /* Assets.xcassets */; };
		7521A59629187F9B00402ED1 /* LaunchScreen.storyboard in Resources */ = {isa = PBXBuildFile; fileRef = 7521A59429187F9B00402ED1 /* LaunchScreen.storyboard */; };
		7521A5A129187F9B00402ED1 /* TastipeTests.swift in Sources */ = {isa = PBXBuildFile; fileRef = 7521A5A029187F9B00402ED1 /* TastipeTests.swift */; };
		7521A5AB29187F9B00402ED1 /* TastipeUITests.swift in Sources */ = {isa = PBXBuildFile; fileRef = 7521A5AA29187F9B00402ED1 /* TastipeUITests.swift */; };
		7521A5AD29187F9B00402ED1 /* TastipeUITestsLaunchTests.swift in Sources */ = {isa = PBXBuildFile; fileRef = 7521A5AC29187F9B00402ED1 /* TastipeUITestsLaunchTests.swift */; };
/* End PBXBuildFile section */

/* Begin PBXContainerItemProxy section */
		7521A59D29187F9B00402ED1 /* PBXContainerItemProxy */ = {
			isa = PBXContainerItemProxy;
			containerPortal = 7521A57E29187F9A00402ED1 /* Project object */;
			proxyType = 1;
			remoteGlobalIDString = 7521A58529187F9A00402ED1;
			remoteInfo = Tastipe;
		};
		7521A5A729187F9B00402ED1 /* PBXContainerItemProxy */ = {
			isa = PBXContainerItemProxy;
			containerPortal = 7521A57E29187F9A00402ED1 /* Project object */;
			proxyType = 1;
			remoteGlobalIDString = 7521A58529187F9A00402ED1;
			remoteInfo = Tastipe;
		};
/* End PBXContainerItemProxy section */

/* Begin PBXFileReference section */
		7521A58629187F9A00402ED1 /* Tastipe.app */ = {isa = PBXFileReference; explicitFileType = wrapper.application; includeInIndex = 0; path = Tastipe.app; sourceTree = BUILT_PRODUCTS_DIR; };
		7521A58929187F9A00402ED1 /* AppDelegate.swift */ = {isa = PBXFileReference; lastKnownFileType = sourcecode.swift; path = AppDelegate.swift; sourceTree = "<group>"; };
		7521A58B29187F9A00402ED1 /* SceneDelegate.swift */ = {isa = PBXFileReference; lastKnownFileType = sourcecode.swift; path = SceneDelegate.swift; sourceTree = "<group>"; };
		7521A58D29187F9A00402ED1 /* ViewController.swift */ = {isa = PBXFileReference; lastKnownFileType = sourcecode.swift; path = ViewController.swift; sourceTree = "<group>"; };
		7521A59029187F9A00402ED1 /* Base */ = {isa = PBXFileReference; lastKnownFileType = file.storyboard; name = Base; path = Base.lproj/Main.storyboard; sourceTree = "<group>"; };
		7521A59229187F9B00402ED1 /* Assets.xcassets */ = {isa = PBXFileReference; lastKnownFileType = folder.assetcatalog; path = Assets.xcassets; sourceTree = "<group>"; };
		7521A59529187F9B00402ED1 /* Base */ = {isa = PBXFileReference; lastKnownFileType = file.storyboard; name = Base; path = Base.lproj/LaunchScreen.storyboard; sourceTree = "<group>"; };
		7521A59729187F9B00402ED1 /* Info.plist */ = {isa = PBXFileReference; lastKnownFileType = text.plist.xml; path = Info.plist; sourceTree = "<group>"; };
		7521A59C29187F9B00402ED1 /* TastipeTests.xctest */ = {isa = PBXFileReference; explicitFileType = wrapper.cfbundle; includeInIndex = 0; path = TastipeTests.xctest; sourceTree = BUILT_PRODUCTS_DIR; };
		7521A5A029187F9B00402ED1 /* TastipeTests.swift */ = {isa = PBXFileReference; lastKnownFileType = sourcecode.swift; path = TastipeTests.swift; sourceTree = "<group>"; };
		7521A5A629187F9B00402ED1 /* TastipeUITests.xctest */ = {isa = PBXFileReference; explicitFileType = wrapper.cfbundle; includeInIndex = 0; path = TastipeUITests.xctest; sourceTree = BUILT_PRODUCTS_DIR; };
		7521A5AA29187F9B00402ED1 /* TastipeUITests.swift */ = {isa = PBXFileReference; lastKnownFileType = sourcecode.swift; path = TastipeUITests.swift; sourceTree = "<group>"; };
		7521A5AC29187F9B00402ED1 /* TastipeUITestsLaunchTests.swift */ = {isa = PBXFileReference; lastKnownFileType = sourcecode.swift; path = TastipeUITestsLaunchTests.swift; sourceTree = "<group>"; };
/* End PBXFileReference section */

/* Begin PBXFrameworksBuildPhase section */
		7521A58329187F9A00402ED1 /* Frameworks */ = {
			isa = PBXFrameworksBuildPhase;
			buildActionMask = 2147483647;
			files = (
			);
			runOnlyForDeploymentPostprocessing = 0;
		};
		7521A59929187F9B00402ED1 /* Frameworks */ = {
			isa = PBXFrameworksBuildPhase;
			buildActionMask = 2147483647;
			files = (
			);
			runOnlyForDeploymentPostprocessing = 0;
		};
		7521A5A329187F9B00402ED1 /* Frameworks */ = {
			isa = PBXFrameworksBuildPhase;
			buildActionMask = 2147483647;
			files = (
			);
			runOnlyForDeploymentPostprocessing = 0;
		};
/* End PBXFrameworksBuildPhase section */

/* Begin PBXGroup section */
		7521A57D29187F9A00402ED1 = {
			isa = PBXGroup;
			children = (
				7521A58829187F9A00402ED1 /* Tastipe */,
				7521A59F29187F9B00402ED1 /* TastipeTests */,
				7521A5A929187F9B00402ED1 /* TastipeUITests */,
				7521A58729187F9A00402ED1 /* Products */,
			);
			sourceTree = "<group>";
		};
		7521A58729187F9A00402ED1 /* Products */ = {
			isa = PBXGroup;
			children = (
				7521A58629187F9A00402ED1 /* Tastipe.app */,
				7521A59C29187F9B00402ED1 /* TastipeTests.xctest */,
				7521A5A629187F9B00402ED1 /* TastipeUITests.xctest */,
			);
			name = Products;
			sourceTree = "<group>";
		};
		7521A58829187F9A00402ED1 /* Tastipe */ = {
			isa = PBXGroup;
			children = (
				7521A58929187F9A00402ED1 /* AppDelegate.swift */,
				7521A58B29187F9A00402ED1 /* SceneDelegate.swift */,
				7521A58D29187F9A00402ED1 /* ViewController.swift */,
				7521A58F29187F9A00402ED1 /* Main.storyboard */,
				7521A59229187F9B00402ED1 /* Assets.xcassets */,
				7521A59429187F9B00402ED1 /* LaunchScreen.storyboard */,
				7521A59729187F9B00402ED1 /* Info.plist */,
			);
			path = Tastipe;
			sourceTree = "<group>";
		};
		7521A59F29187F9B00402ED1 /* TastipeTests */ = {
			isa = PBXGroup;
			children = (
				7521A5A029187F9B00402ED1 /* TastipeTests.swift */,
			);
			path = TastipeTests;
			sourceTree = "<group>";
		};
		7521A5A929187F9B00402ED1 /* TastipeUITests */ = {
			isa = PBXGroup;
			children = (
				7521A5AA29187F9B00402ED1 /* TastipeUITests.swift */,
				7521A5AC29187F9B00402ED1 /* TastipeUITestsLaunchTests.swift */,
			);
			path = TastipeUITests;
			sourceTree = "<group>";
		};
/* End PBXGroup section */

/* Begin PBXNativeTarget section */
		7521A58529187F9A00402ED1 /* Tastipe */ = {
			isa = PBXNativeTarget;
			buildConfigurationList = 7521A5B029187F9B00402ED1 /* Build configuration list for PBXNativeTarget "Tastipe" */;
			buildPhases = (
				7521A58229187F9A00402ED1 /* Sources */,
				7521A58329187F9A00402ED1 /* Frameworks */,
				7521A58429187F9A00402ED1 /* Resources */,
			);
			buildRules = (
			);
			dependencies = (
			);
			name = Tastipe;
			productName = Tastipe;
			productReference = 7521A58629187F9A00402ED1 /* Tastipe.app */;
			productType = "com.apple.product-type.application";
		};
		7521A59B29187F9B00402ED1 /* TastipeTests */ = {
			isa = PBXNativeTarget;
			buildConfigurationList = 7521A5B329187F9B00402ED1 /* Build configuration list for PBXNativeTarget "TastipeTests" */;
			buildPhases = (
				7521A59829187F9B00402ED1 /* Sources */,
				7521A59929187F9B00402ED1 /* Frameworks */,
				7521A59A29187F9B00402ED1 /* Resources */,
			);
			buildRules = (
			);
			dependencies = (
				7521A59E29187F9B00402ED1 /* PBXTargetDependency */,
			);
			name = TastipeTests;
			productName = TastipeTests;
			productReference = 7521A59C29187F9B00402ED1 /* TastipeTests.xctest */;
			productType = "com.apple.product-type.bundle.unit-test";
		};
		7521A5A529187F9B00402ED1 /* TastipeUITests */ = {
			isa = PBXNativeTarget;
			buildConfigurationList = 7521A5B629187F9B00402ED1 /* Build configuration list for PBXNativeTarget "TastipeUITests" */;
			buildPhases = (
				7521A5A229187F9B00402ED1 /* Sources */,
				7521A5A329187F9B00402ED1 /* Frameworks */,
				7521A5A429187F9B00402ED1 /* Resources */,
			);
			buildRules = (
			);
			dependencies = (
				7521A5A829187F9B00402ED1 /* PBXTargetDependency */,
			);
			name = TastipeUITests;
			productName = TastipeUITests;
			productReference = 7521A5A629187F9B00402ED1 /* TastipeUITests.xctest */;
			productType = "com.apple.product-type.bundle.ui-testing";
		};
/* End PBXNativeTarget section */

/* Begin PBXProject section */
		7521A57E29187F9A00402ED1 /* Project object */ = {
			isa = PBXProject;
			attributes = {
				BuildIndependentTargetsInParallel = 1;
				LastSwiftUpdateCheck = 1340;
				LastUpgradeCheck = 1340;
				TargetAttributes = {
					7521A58529187F9A00402ED1 = {
						CreatedOnToolsVersion = 13.4.1;
					};
					7521A59B29187F9B00402ED1 = {
						CreatedOnToolsVersion = 13.4.1;
						TestTargetID = 7521A58529187F9A00402ED1;
					};
					7521A5A529187F9B00402ED1 = {
						CreatedOnToolsVersion = 13.4.1;
						TestTargetID = 7521A58529187F9A00402ED1;
					};
				};
			};
			buildConfigurationList = 7521A58129187F9A00402ED1 /* Build configuration list for PBXProject "Tastipe" */;
			compatibilityVersion = "Xcode 13.0";
			developmentRegion = en;
			hasScannedForEncodings = 0;
			knownRegions = (
				en,
				Base,
			);
			mainGroup = 7521A57D29187F9A00402ED1;
			productRefGroup = 7521A58729187F9A00402ED1 /* Products */;
			projectDirPath = "";
			projectRoot = "";
			targets = (
				7521A58529187F9A00402ED1 /* Tastipe */,
				7521A59B29187F9B00402ED1 /* TastipeTests */,
				7521A5A529187F9B00402ED1 /* TastipeUITests */,
			);
		};
/* End PBXProject section */

/* Begin PBXResourcesBuildPhase section */
		7521A58429187F9A00402ED1 /* Resources */ = {
			isa = PBXResourcesBuildPhase;
			buildActionMask = 2147483647;
			files = (
				7521A59629187F9B00402ED1 /* LaunchScreen.storyboard in Resources */,
				7521A59329187F9B00402ED1 /* Assets.xcassets in Resources */,
				7521A59129187F9A00402ED1 /* Main.storyboard in Resources */,
			);
			runOnlyForDeploymentPostprocessing = 0;
		};
		7521A59A29187F9B00402ED1 /* Resources */ = {
			isa = PBXResourcesBuildPhase;
			buildActionMask = 2147483647;
			files = (
			);
			runOnlyForDeploymentPostprocessing = 0;
		};
		7521A5A429187F9B00402ED1 /* Resources */ = {
			isa = PBXResourcesBuildPhase;
			buildActionMask = 2147483647;
			files = (
			);
			runOnlyForDeploymentPostprocessing = 0;
		};
/* End PBXResourcesBuildPhase section */

/* Begin PBXSourcesBuildPhase section */
		7521A58229187F9A00402ED1 /* Sources */ = {
			isa = PBXSourcesBuildPhase;
			buildActionMask = 2147483647;
			files = (
				7521A58E29187F9A00402ED1 /* ViewController.swift in Sources */,
				7521A58A29187F9A00402ED1 /* AppDelegate.swift in Sources */,
				7521A58C29187F9A00402ED1 /* SceneDelegate.swift in Sources */,
			);
			runOnlyForDeploymentPostprocessing = 0;
		};
		7521A59829187F9B00402ED1 /* Sources */ = {
			isa = PBXSourcesBuildPhase;
			buildActionMask = 2147483647;
			files = (
				7521A5A129187F9B00402ED1 /* TastipeTests.swift in Sources */,
			);
			runOnlyForDeploymentPostprocessing = 0;
		};
		7521A5A229187F9B00402ED1 /* Sources */ = {
			isa = PBXSourcesBuildPhase;
			buildActionMask = 2147483647;
			files = (
				7521A5AB29187F9B00402ED1 /* TastipeUITests.swift in Sources */,
				7521A5AD29187F9B00402ED1 /* TastipeUITestsLaunchTests.swift in Sources */,
			);
			runOnlyForDeploymentPostprocessing = 0;
		};
/* End PBXSourcesBuildPhase section */

/* Begin PBXTargetDependency section */
		7521A59E29187F9B00402ED1 /* PBXTargetDependency */ = {
			isa = PBXTargetDependency;
			target = 7521A58529187F9A00402ED1 /* Tastipe */;
			targetProxy = 7521A59D29187F9B00402ED1 /* PBXContainerItemProxy */;
		};
		7521A5A829187F9B00402ED1 /* PBXTargetDependency */ = {
			isa = PBXTargetDependency;
			target = 7521A58529187F9A00402ED1 /* Tastipe */;
			targetProxy = 7521A5A729187F9B00402ED1 /* PBXContainerItemProxy */;
		};
/* End PBXTargetDependency section */

/* Begin PBXVariantGroup section */
		7521A58F29187F9A00402ED1 /* Main.storyboard */ = {
			isa = PBXVariantGroup;
			children = (
				7521A59029187F9A00402ED1 /* Base */,
			);
			name = Main.storyboard;
			sourceTree = "<group>";
		};
		7521A59429187F9B00402ED1 /* LaunchScreen.storyboard */ = {
			isa = PBXVariantGroup;
			children = (
				7521A59529187F9B00402ED1 /* Base */,
			);
			name = LaunchScreen.storyboard;
			sourceTree = "<group>";
		};
/* End PBXVariantGroup section */

/* Begin XCBuildConfiguration section */
		7521A5AE29187F9B00402ED1 /* Debug */ = {
			isa = XCBuildConfiguration;
			buildSettings = {
				ALWAYS_SEARCH_USER_PATHS = NO;
				CLANG_ANALYZER_NONNULL = YES;
				CLANG_ANALYZER_NUMBER_OBJECT_CONVERSION = YES_AGGRESSIVE;
				CLANG_CXX_LANGUAGE_STANDARD = "gnu++17";
				CLANG_ENABLE_MODULES = YES;
				CLANG_ENABLE_OBJC_ARC = YES;
				CLANG_ENABLE_OBJC_WEAK = YES;
				CLANG_WARN_BLOCK_CAPTURE_AUTORELEASING = YES;
				CLANG_WARN_BOOL_CONVERSION = YES;
				CLANG_WARN_COMMA = YES;
				CLANG_WARN_CONSTANT_CONVERSION = YES;
				CLANG_WARN_DEPRECATED_OBJC_IMPLEMENTATIONS = YES;
				CLANG_WARN_DIRECT_OBJC_ISA_USAGE = YES_ERROR;
				CLANG_WARN_DOCUMENTATION_COMMENTS = YES;
				CLANG_WARN_EMPTY_BODY = YES;
				CLANG_WARN_ENUM_CONVERSION = YES;
				CLANG_WARN_INFINITE_RECURSION = YES;
				CLANG_WARN_INT_CONVERSION = YES;
				CLANG_WARN_NON_LITERAL_NULL_CONVERSION = YES;
				CLANG_WARN_OBJC_IMPLICIT_RETAIN_SELF = YES;
				CLANG_WARN_OBJC_LITERAL_CONVERSION = YES;
				CLANG_WARN_OBJC_ROOT_CLASS = YES_ERROR;
				CLANG_WARN_QUOTED_INCLUDE_IN_FRAMEWORK_HEADER = YES;
				CLANG_WARN_RANGE_LOOP_ANALYSIS = YES;
				CLANG_WARN_STRICT_PROTOTYPES = YES;
				CLANG_WARN_SUSPICIOUS_MOVE = YES;
				CLANG_WARN_UNGUARDED_AVAILABILITY = YES_AGGRESSIVE;
				CLANG_WARN_UNREACHABLE_CODE = YES;
				CLANG_WARN__DUPLICATE_METHOD_MATCH = YES;
				COPY_PHASE_STRIP = NO;
				DEBUG_INFORMATION_FORMAT = dwarf;
				ENABLE_STRICT_OBJC_MSGSEND = YES;
				ENABLE_TESTABILITY = YES;
				GCC_C_LANGUAGE_STANDARD = gnu11;
				GCC_DYNAMIC_NO_PIC = NO;
				GCC_NO_COMMON_BLOCKS = YES;
				GCC_OPTIMIZATION_LEVEL = 0;
				GCC_PREPROCESSOR_DEFINITIONS = (
					"DEBUG=1",
					"$(inherited)",
				);
				GCC_WARN_64_TO_32_BIT_CONVERSION = YES;
				GCC_WARN_ABOUT_RETURN_TYPE = YES_ERROR;
				GCC_WARN_UNDECLARED_SELECTOR = YES;
				GCC_WARN_UNINITIALIZED_AUTOS = YES_AGGRESSIVE;
				GCC_WARN_UNUSED_FUNCTION = YES;
				GCC_WARN_UNUSED_VARIABLE = YES;
				IPHONEOS_DEPLOYMENT_TARGET = 15.5;
				MTL_ENABLE_DEBUG_INFO = INCLUDE_SOURCE;
				MTL_FAST_MATH = YES;
				ONLY_ACTIVE_ARCH = YES;
				SDKROOT = iphoneos;
				SWIFT_ACTIVE_COMPILATION_CONDITIONS = DEBUG;
				SWIFT_OPTIMIZATION_LEVEL = "-Onone";
			};
			name = Debug;
		};
		7521A5AF29187F9B00402ED1 /* Release */ = {
			isa = XCBuildConfiguration;
			buildSettings = {
				ALWAYS_SEARCH_USER_PATHS = NO;
				CLANG_ANALYZER_NONNULL = YES;
				CLANG_ANALYZER_NUMBER_OBJECT_CONVERSION = YES_AGGRESSIVE;
				CLANG_CXX_LANGUAGE_STANDARD = "gnu++17";
				CLANG_ENABLE_MODULES = YES;
				CLANG_ENABLE_OBJC_ARC = YES;
				CLANG_ENABLE_OBJC_WEAK = YES;
				CLANG_WARN_BLOCK_CAPTURE_AUTORELEASING = YES;
				CLANG_WARN_BOOL_CONVERSION = YES;
				CLANG_WARN_COMMA = YES;
				CLANG_WARN_CONSTANT_CONVERSION = YES;
				CLANG_WARN_DEPRECATED_OBJC_IMPLEMENTATIONS = YES;
				CLANG_WARN_DIRECT_OBJC_ISA_USAGE = YES_ERROR;
				CLANG_WARN_DOCUMENTATION_COMMENTS = YES;
				CLANG_WARN_EMPTY_BODY = YES;
				CLANG_WARN_ENUM_CONVERSION = YES;
				CLANG_WARN_INFINITE_RECURSION = YES;
				CLANG_WARN_INT_CONVERSION = YES;
				CLANG_WARN_NON_LITERAL_NULL_CONVERSION = YES;
				CLANG_WARN_OBJC_IMPLICIT_RETAIN_SELF = YES;
				CLANG_WARN_OBJC_LITERAL_CONVERSION = YES;
				CLANG_WARN_OBJC_ROOT_CLASS = YES_ERROR;
				CLANG_WARN_QUOTED_INCLUDE_IN_FRAMEWORK_HEADER = YES;
				CLANG_WARN_RANGE_LOOP_ANALYSIS = YES;
				CLANG_WARN_STRICT_PROTOTYPES = YES;
				CLANG_WARN_SUSPICIOUS_MOVE = YES;
				CLANG_WARN_UNGUARDED_AVAILABILITY = YES_AGGRESSIVE;
				CLANG_WARN_UNREACHABLE_CODE = YES;
				CLANG_WARN__DUPLICATE_METHOD_MATCH = YES;
				COPY_PHASE_STRIP = NO;
				DEBUG_INFORMATION_FORMAT = "dwarf-with-dsym";
				ENABLE_NS_ASSERTIONS = NO;
				ENABLE_STRICT_OBJC_MSGSEND = YES;
				GCC_C_LANGUAGE_STANDARD = gnu11;
				GCC_NO_COMMON_BLOCKS = YES;
				GCC_WARN_64_TO_32_BIT_CONVERSION = YES;
				GCC_WARN_ABOUT_RETURN_TYPE = YES_ERROR;
				GCC_WARN_UNDECLARED_SELECTOR = YES;
				GCC_WARN_UNINITIALIZED_AUTOS = YES_AGGRESSIVE;
				GCC_WARN_UNUSED_FUNCTION = YES;
				GCC_WARN_UNUSED_VARIABLE = YES;
				IPHONEOS_DEPLOYMENT_TARGET = 15.5;
				MTL_ENABLE_DEBUG_INFO = NO;
				MTL_FAST_MATH = YES;
				SDKROOT = iphoneos;
				SWIFT_COMPILATION_MODE = wholemodule;
				SWIFT_OPTIMIZATION_LEVEL = "-O";
				VALIDATE_PRODUCT = YES;
			};
			name = Release;
		};
		7521A5B129187F9B00402ED1 /* Debug */ = {
			isa = XCBuildConfiguration;
			buildSettings = {
				ASSETCATALOG_COMPILER_APPICON_NAME = AppIcon;
				ASSETCATALOG_COMPILER_GLOBAL_ACCENT_COLOR_NAME = AccentColor;
				CODE_SIGN_STYLE = Automatic;
				CURRENT_PROJECT_VERSION = 1;
				DEVELOPMENT_TEAM = B78XCHLPHC;
				GENERATE_INFOPLIST_FILE = YES;
				INFOPLIST_FILE = Tastipe/Info.plist;
				INFOPLIST_KEY_UIApplicationSupportsIndirectInputEvents = YES;
				INFOPLIST_KEY_UILaunchStoryboardName = LaunchScreen;
				INFOPLIST_KEY_UIMainStoryboardFile = Main;
				INFOPLIST_KEY_UISupportedInterfaceOrientations_iPad = "UIInterfaceOrientationPortrait UIInterfaceOrientationPortraitUpsideDown UIInterfaceOrientationLandscapeLeft UIInterfaceOrientationLandscapeRight";
				INFOPLIST_KEY_UISupportedInterfaceOrientations_iPhone = "UIInterfaceOrientationPortrait UIInterfaceOrientationLandscapeLeft UIInterfaceOrientationLandscapeRight";
				LD_RUNPATH_SEARCH_PATHS = (
					"$(inherited)",
					"@executable_path/Frameworks",
				);
				MARKETING_VERSION = 1.0;
				PRODUCT_BUNDLE_IDENTIFIER = zbundarin.Tastipe;
				PRODUCT_NAME = "$(TARGET_NAME)";
				SWIFT_EMIT_LOC_STRINGS = YES;
				SWIFT_VERSION = 5.0;
				TARGETED_DEVICE_FAMILY = "1,2";
			};
			name = Debug;
		};
		7521A5B229187F9B00402ED1 /* Release */ = {
			isa = XCBuildConfiguration;
			buildSettings = {
				ASSETCATALOG_COMPILER_APPICON_NAME = AppIcon;
				ASSETCATALOG_COMPILER_GLOBAL_ACCENT_COLOR_NAME = AccentColor;
				CODE_SIGN_STYLE = Automatic;
				CURRENT_PROJECT_VERSION = 1;
				DEVELOPMENT_TEAM = B78XCHLPHC;
				GENERATE_INFOPLIST_FILE = YES;
				INFOPLIST_FILE = Tastipe/Info.plist;
				INFOPLIST_KEY_UIApplicationSupportsIndirectInputEvents = YES;
				INFOPLIST_KEY_UILaunchStoryboardName = LaunchScreen;
				INFOPLIST_KEY_UIMainStoryboardFile = Main;
				INFOPLIST_KEY_UISupportedInterfaceOrientations_iPad = "UIInterfaceOrientationPortrait UIInterfaceOrientationPortraitUpsideDown UIInterfaceOrientationLandscapeLeft UIInterfaceOrientationLandscapeRight";
				INFOPLIST_KEY_UISupportedInterfaceOrientations_iPhone = "UIInterfaceOrientationPortrait UIInterfaceOrientationLandscapeLeft UIInterfaceOrientationLandscapeRight";
				LD_RUNPATH_SEARCH_PATHS = (
					"$(inherited)",
					"@executable_path/Frameworks",
				);
				MARKETING_VERSION = 1.0;
				PRODUCT_BUNDLE_IDENTIFIER = zbundarin.Tastipe;
				PRODUCT_NAME = "$(TARGET_NAME)";
				SWIFT_EMIT_LOC_STRINGS = YES;
				SWIFT_VERSION = 5.0;
				TARGETED_DEVICE_FAMILY = "1,2";
			};
			name = Release;
		};
		7521A5B429187F9B00402ED1 /* Debug */ = {
			isa = XCBuildConfiguration;
			buildSettings = {
				ALWAYS_EMBED_SWIFT_STANDARD_LIBRARIES = YES;
				BUNDLE_LOADER = "$(TEST_HOST)";
				CODE_SIGN_STYLE = Automatic;
				CURRENT_PROJECT_VERSION = 1;
				DEVELOPMENT_TEAM = B78XCHLPHC;
				GENERATE_INFOPLIST_FILE = YES;
				IPHONEOS_DEPLOYMENT_TARGET = 15.5;
				MARKETING_VERSION = 1.0;
				PRODUCT_BUNDLE_IDENTIFIER = zbundarin.TastipeTests;
				PRODUCT_NAME = "$(TARGET_NAME)";
				SWIFT_EMIT_LOC_STRINGS = NO;
				SWIFT_VERSION = 5.0;
				TARGETED_DEVICE_FAMILY = "1,2";
				TEST_HOST = "$(BUILT_PRODUCTS_DIR)/Tastipe.app/Tastipe";
			};
			name = Debug;
		};
		7521A5B529187F9B00402ED1 /* Release */ = {
			isa = XCBuildConfiguration;
			buildSettings = {
				ALWAYS_EMBED_SWIFT_STANDARD_LIBRARIES = YES;
				BUNDLE_LOADER = "$(TEST_HOST)";
				CODE_SIGN_STYLE = Automatic;
				CURRENT_PROJECT_VERSION = 1;
				DEVELOPMENT_TEAM = B78XCHLPHC;
				GENERATE_INFOPLIST_FILE = YES;
				IPHONEOS_DEPLOYMENT_TARGET = 15.5;
				MARKETING_VERSION = 1.0;
				PRODUCT_BUNDLE_IDENTIFIER = zbundarin.TastipeTests;
				PRODUCT_NAME = "$(TARGET_NAME)";
				SWIFT_EMIT_LOC_STRINGS = NO;
				SWIFT_VERSION = 5.0;
				TARGETED_DEVICE_FAMILY = "1,2";
				TEST_HOST = "$(BUILT_PRODUCTS_DIR)/Tastipe.app/Tastipe";
			};
			name = Release;
		};
		7521A5B729187F9B00402ED1 /* Debug */ = {
			isa = XCBuildConfiguration;
			buildSettings = {
				ALWAYS_EMBED_SWIFT_STANDARD_LIBRARIES = YES;
				CODE_SIGN_STYLE = Automatic;
				CURRENT_PROJECT_VERSION = 1;
				DEVELOPMENT_TEAM = B78XCHLPHC;
				GENERATE_INFOPLIST_FILE = YES;
				MARKETING_VERSION = 1.0;
				PRODUCT_BUNDLE_IDENTIFIER = zbundarin.TastipeUITests;
				PRODUCT_NAME = "$(TARGET_NAME)";
				SWIFT_EMIT_LOC_STRINGS = NO;
				SWIFT_VERSION = 5.0;
				TARGETED_DEVICE_FAMILY = "1,2";
				TEST_TARGET_NAME = Tastipe;
			};
			name = Debug;
		};
		7521A5B829187F9B00402ED1 /* Release */ = {
			isa = XCBuildConfiguration;
			buildSettings = {
				ALWAYS_EMBED_SWIFT_STANDARD_LIBRARIES = YES;
				CODE_SIGN_STYLE = Automatic;
				CURRENT_PROJECT_VERSION = 1;
				DEVELOPMENT_TEAM = B78XCHLPHC;
				GENERATE_INFOPLIST_FILE = YES;
				MARKETING_VERSION = 1.0;
				PRODUCT_BUNDLE_IDENTIFIER = zbundarin.TastipeUITests;
				PRODUCT_NAME = "$(TARGET_NAME)";
				SWIFT_EMIT_LOC_STRINGS = NO;
				SWIFT_VERSION = 5.0;
				TARGETED_DEVICE_FAMILY = "1,2";
				TEST_TARGET_NAME = Tastipe;
			};
			name = Release;
		};
/* End XCBuildConfiguration section */

/* Begin XCConfigurationList section */
		7521A58129187F9A00402ED1 /* Build configuration list for PBXProject "Tastipe" */ = {
			isa = XCConfigurationList;
			buildConfigurations = (
				7521A5AE29187F9B00402ED1 /* Debug */,
				7521A5AF29187F9B00402ED1 /* Release */,
			);
			defaultConfigurationIsVisible = 0;
			defaultConfigurationName = Release;
		};
		7521A5B029187F9B00402ED1 /* Build configuration list for PBXNativeTarget "Tastipe" */ = {
			isa = XCConfigurationList;
			buildConfigurations = (
				7521A5B129187F9B00402ED1 /* Debug */,
				7521A5B229187F9B00402ED1 /* Release */,
			);
			defaultConfigurationIsVisible = 0;
			defaultConfigurationName = Release;
		};
		7521A5B329187F9B00402ED1 /* Build configuration list for PBXNativeTarget "TastipeTests" */ = {
			isa = XCConfigurationList;
			buildConfigurations = (
				7521A5B429187F9B00402ED1 /* Debug */,
				7521A5B529187F9B00402ED1 /* Release */,
			);
			defaultConfigurationIsVisible = 0;
			defaultConfigurationName = Release;
		};
		7521A5B629187F9B00402ED1 /* Build configuration list for PBXNativeTarget "TastipeUITests" */ = {
			isa = XCConfigurationList;
			buildConfigurations = (
				7521A5B729187F9B00402ED1 /* Debug */,
				7521A5B829187F9B00402ED1 /* Release */,
			);
			defaultConfigurationIsVisible = 0;
			defaultConfigurationName = Release;
		};
/* End XCConfigurationList section */
	};
	rootObject = 7521A57E29187F9A00402ED1 /* Project object */;
}
