// !$*UTF8*$!
{
	archiveVersion = 1;
	classes = {
	};
	objectVersion = 55;
	objects = {

/* Begin PBXBuildFile section */
		706132B0754BBEAF7A51C437 /* Pods_Taste.framework in Frameworks */ = {isa = PBXBuildFile; fileRef = 702D9BF5F017C02A6F005D4E /* Pods_Taste.framework */; };
		750634DD292C33F10049E9E0 /* MyRecipesViewController.swift in Sources */ = {isa = PBXBuildFile; fileRef = 750634DC292C33F10049E9E0 /* MyRecipesViewController.swift */; };
		DD7AB3AE291F5C36000643E1 /* AppDelegate.swift in Sources */ = {isa = PBXBuildFile; fileRef = DD7AB3AD291F5C36000643E1 /* AppDelegate.swift */; };
		DD7AB3B0291F5C36000643E1 /* SceneDelegate.swift in Sources */ = {isa = PBXBuildFile; fileRef = DD7AB3AF291F5C36000643E1 /* SceneDelegate.swift */; };
		DD7AB3B5291F5C36000643E1 /* Main.storyboard in Resources */ = {isa = PBXBuildFile; fileRef = DD7AB3B3291F5C36000643E1 /* Main.storyboard */; };
		DD7AB3B7291F5C37000643E1 /* Assets.xcassets in Resources */ = {isa = PBXBuildFile; fileRef = DD7AB3B6291F5C37000643E1 /* Assets.xcassets */; };
		DD7AB3BA291F5C37000643E1 /* LaunchScreen.storyboard in Resources */ = {isa = PBXBuildFile; fileRef = DD7AB3B8291F5C37000643E1 /* LaunchScreen.storyboard */; };
		DD7AB3C2291F623E000643E1 /* LoginViewController.swift in Sources */ = {isa = PBXBuildFile; fileRef = DD7AB3C1291F623E000643E1 /* LoginViewController.swift */; };
		DD7B9193291F632C0030FFFB /* FeedViewController.swift in Sources */ = {isa = PBXBuildFile; fileRef = DD7B9192291F632C0030FFFB /* FeedViewController.swift */; };
/* End PBXBuildFile section */

/* Begin PBXFileReference section */
		0685FD50F75316ADBDFDC12A /* Pods-Taste.release.xcconfig */ = {isa = PBXFileReference; includeInIndex = 1; lastKnownFileType = text.xcconfig; name = "Pods-Taste.release.xcconfig"; path = "Target Support Files/Pods-Taste/Pods-Taste.release.xcconfig"; sourceTree = "<group>"; };
		702D9BF5F017C02A6F005D4E /* Pods_Taste.framework */ = {isa = PBXFileReference; explicitFileType = wrapper.framework; includeInIndex = 0; path = Pods_Taste.framework; sourceTree = BUILT_PRODUCTS_DIR; };
		750634DC292C33F10049E9E0 /* MyRecipesViewController.swift */ = {isa = PBXFileReference; lastKnownFileType = sourcecode.swift; path = MyRecipesViewController.swift; sourceTree = "<group>"; };
		76EAD4EC3BA182354E1DD45B /* Pods-Taste.debug.xcconfig */ = {isa = PBXFileReference; includeInIndex = 1; lastKnownFileType = text.xcconfig; name = "Pods-Taste.debug.xcconfig"; path = "Target Support Files/Pods-Taste/Pods-Taste.debug.xcconfig"; sourceTree = "<group>"; };
		DD7AB3AA291F5C36000643E1 /* Taste.app */ = {isa = PBXFileReference; explicitFileType = wrapper.application; includeInIndex = 0; path = Taste.app; sourceTree = BUILT_PRODUCTS_DIR; };
		DD7AB3AD291F5C36000643E1 /* AppDelegate.swift */ = {isa = PBXFileReference; lastKnownFileType = sourcecode.swift; path = AppDelegate.swift; sourceTree = "<group>"; };
		DD7AB3AF291F5C36000643E1 /* SceneDelegate.swift */ = {isa = PBXFileReference; lastKnownFileType = sourcecode.swift; path = SceneDelegate.swift; sourceTree = "<group>"; };
		DD7AB3B4291F5C36000643E1 /* Base */ = {isa = PBXFileReference; lastKnownFileType = file.storyboard; name = Base; path = Base.lproj/Main.storyboard; sourceTree = "<group>"; };
		DD7AB3B6291F5C37000643E1 /* Assets.xcassets */ = {isa = PBXFileReference; lastKnownFileType = folder.assetcatalog; path = Assets.xcassets; sourceTree = "<group>"; };
		DD7AB3B9291F5C37000643E1 /* Base */ = {isa = PBXFileReference; lastKnownFileType = file.storyboard; name = Base; path = Base.lproj/LaunchScreen.storyboard; sourceTree = "<group>"; };
		DD7AB3BB291F5C37000643E1 /* Info.plist */ = {isa = PBXFileReference; lastKnownFileType = text.plist.xml; path = Info.plist; sourceTree = "<group>"; };
		DD7AB3C1291F623E000643E1 /* LoginViewController.swift */ = {isa = PBXFileReference; lastKnownFileType = sourcecode.swift; path = LoginViewController.swift; sourceTree = "<group>"; };
		DD7B9192291F632C0030FFFB /* FeedViewController.swift */ = {isa = PBXFileReference; lastKnownFileType = sourcecode.swift; path = FeedViewController.swift; sourceTree = "<group>"; };
/* End PBXFileReference section */

/* Begin PBXFrameworksBuildPhase section */
		DD7AB3A7291F5C36000643E1 /* Frameworks */ = {
			isa = PBXFrameworksBuildPhase;
			buildActionMask = 2147483647;
			files = (
				706132B0754BBEAF7A51C437 /* Pods_Taste.framework in Frameworks */,
			);
			runOnlyForDeploymentPostprocessing = 0;
		};
/* End PBXFrameworksBuildPhase section */

/* Begin PBXGroup section */
		49EE059A1BB977E974EAA59C /* Pods */ = {
			isa = PBXGroup;
			children = (
				76EAD4EC3BA182354E1DD45B /* Pods-Taste.debug.xcconfig */,
				0685FD50F75316ADBDFDC12A /* Pods-Taste.release.xcconfig */,
			);
			path = Pods;
			sourceTree = "<group>";
		};
		B30051EED40FE7E0ABFAA09F /* Frameworks */ = {
			isa = PBXGroup;
			children = (
				702D9BF5F017C02A6F005D4E /* Pods_Taste.framework */,
			);
			name = Frameworks;
			sourceTree = "<group>";
		};
		DD7AB3A1291F5C36000643E1 = {
			isa = PBXGroup;
			children = (
				DD7AB3AC291F5C36000643E1 /* Taste */,
				DD7AB3AB291F5C36000643E1 /* Products */,
				49EE059A1BB977E974EAA59C /* Pods */,
				B30051EED40FE7E0ABFAA09F /* Frameworks */,
			);
			sourceTree = "<group>";
		};
		DD7AB3AB291F5C36000643E1 /* Products */ = {
			isa = PBXGroup;
			children = (
				DD7AB3AA291F5C36000643E1 /* Taste.app */,
			);
			name = Products;
			sourceTree = "<group>";
		};
		DD7AB3AC291F5C36000643E1 /* Taste */ = {
			isa = PBXGroup;
			children = (
				DD7AB3AD291F5C36000643E1 /* AppDelegate.swift */,
				DD7AB3AF291F5C36000643E1 /* SceneDelegate.swift */,
				DD7AB3B3291F5C36000643E1 /* Main.storyboard */,
				DD7AB3C1291F623E000643E1 /* LoginViewController.swift */,
				DD7B9192291F632C0030FFFB /* FeedViewController.swift */,
				DD7AB3B6291F5C37000643E1 /* Assets.xcassets */,
				DD7AB3B8291F5C37000643E1 /* LaunchScreen.storyboard */,
				DD7AB3BB291F5C37000643E1 /* Info.plist */,
				750634DC292C33F10049E9E0 /* MyRecipesViewController.swift */,
			);
			path = Taste;
			sourceTree = "<group>";
		};
/* End PBXGroup section */

/* Begin PBXNativeTarget section */
		DD7AB3A9291F5C36000643E1 /* Taste */ = {
			isa = PBXNativeTarget;
			buildConfigurationList = DD7AB3BE291F5C37000643E1 /* Build configuration list for PBXNativeTarget "Taste" */;
			buildPhases = (
				196D9389F17C02A170DF9F61 /* [CP] Check Pods Manifest.lock */,
				DD7AB3A6291F5C36000643E1 /* Sources */,
				DD7AB3A7291F5C36000643E1 /* Frameworks */,
				DD7AB3A8291F5C36000643E1 /* Resources */,
				E81F6EAB49C297998F79A8D1 /* [CP] Embed Pods Frameworks */,
			);
			buildRules = (
			);
			dependencies = (
			);
			name = Taste;
			productName = Taste;
			productReference = DD7AB3AA291F5C36000643E1 /* Taste.app */;
			productType = "com.apple.product-type.application";
		};
/* End PBXNativeTarget section */

/* Begin PBXProject section */
		DD7AB3A2291F5C36000643E1 /* Project object */ = {
			isa = PBXProject;
			attributes = {
				BuildIndependentTargetsInParallel = 1;
				LastSwiftUpdateCheck = 1340;
				LastUpgradeCheck = 1340;
				TargetAttributes = {
					DD7AB3A9291F5C36000643E1 = {
						CreatedOnToolsVersion = 13.4.1;
					};
				};
			};
			buildConfigurationList = DD7AB3A5291F5C36000643E1 /* Build configuration list for PBXProject "Taste" */;
			compatibilityVersion = "Xcode 13.0";
			developmentRegion = en;
			hasScannedForEncodings = 0;
			knownRegions = (
				en,
				Base,
			);
			mainGroup = DD7AB3A1291F5C36000643E1;
			productRefGroup = DD7AB3AB291F5C36000643E1 /* Products */;
			projectDirPath = "";
			projectRoot = "";
			targets = (
				DD7AB3A9291F5C36000643E1 /* Taste */,
			);
		};
/* End PBXProject section */

/* Begin PBXResourcesBuildPhase section */
		DD7AB3A8291F5C36000643E1 /* Resources */ = {
			isa = PBXResourcesBuildPhase;
			buildActionMask = 2147483647;
			files = (
				DD7AB3BA291F5C37000643E1 /* LaunchScreen.storyboard in Resources */,
				DD7AB3B7291F5C37000643E1 /* Assets.xcassets in Resources */,
				DD7AB3B5291F5C36000643E1 /* Main.storyboard in Resources */,
			);
			runOnlyForDeploymentPostprocessing = 0;
		};
/* End PBXResourcesBuildPhase section */

/* Begin PBXShellScriptBuildPhase section */
		196D9389F17C02A170DF9F61 /* [CP] Check Pods Manifest.lock */ = {
			isa = PBXShellScriptBuildPhase;
			buildActionMask = 2147483647;
			files = (
			);
			inputFileListPaths = (
			);
			inputPaths = (
				"${PODS_PODFILE_DIR_PATH}/Podfile.lock",
				"${PODS_ROOT}/Manifest.lock",
			);
			name = "[CP] Check Pods Manifest.lock";
			outputFileListPaths = (
			);
			outputPaths = (
				"$(DERIVED_FILE_DIR)/Pods-Taste-checkManifestLockResult.txt",
			);
			runOnlyForDeploymentPostprocessing = 0;
			shellPath = /bin/sh;
			shellScript = "diff \"${PODS_PODFILE_DIR_PATH}/Podfile.lock\" \"${PODS_ROOT}/Manifest.lock\" > /dev/null\nif [ $? != 0 ] ; then\n    # print error to STDERR\n    echo \"error: The sandbox is not in sync with the Podfile.lock. Run 'pod install' or update your CocoaPods installation.\" >&2\n    exit 1\nfi\n# This output is used by Xcode 'outputs' to avoid re-running this script phase.\necho \"SUCCESS\" > \"${SCRIPT_OUTPUT_FILE_0}\"\n";
			showEnvVarsInLog = 0;
		};
		E81F6EAB49C297998F79A8D1 /* [CP] Embed Pods Frameworks */ = {
			isa = PBXShellScriptBuildPhase;
			buildActionMask = 2147483647;
			files = (
			);
			inputFileListPaths = (
				"${PODS_ROOT}/Target Support Files/Pods-Taste/Pods-Taste-frameworks-${CONFIGURATION}-input-files.xcfilelist",
			);
			name = "[CP] Embed Pods Frameworks";
			outputFileListPaths = (
				"${PODS_ROOT}/Target Support Files/Pods-Taste/Pods-Taste-frameworks-${CONFIGURATION}-output-files.xcfilelist",
			);
			runOnlyForDeploymentPostprocessing = 0;
			shellPath = /bin/sh;
			shellScript = "\"${PODS_ROOT}/Target Support Files/Pods-Taste/Pods-Taste-frameworks.sh\"\n";
			showEnvVarsInLog = 0;
		};
/* End PBXShellScriptBuildPhase section */

/* Begin PBXSourcesBuildPhase section */
		DD7AB3A6291F5C36000643E1 /* Sources */ = {
			isa = PBXSourcesBuildPhase;
			buildActionMask = 2147483647;
			files = (
				DD7AB3C2291F623E000643E1 /* LoginViewController.swift in Sources */,
				DD7AB3AE291F5C36000643E1 /* AppDelegate.swift in Sources */,
				750634DD292C33F10049E9E0 /* MyRecipesViewController.swift in Sources */,
				DD7B9193291F632C0030FFFB /* FeedViewController.swift in Sources */,
				DD7AB3B0291F5C36000643E1 /* SceneDelegate.swift in Sources */,
			);
			runOnlyForDeploymentPostprocessing = 0;
		};
/* End PBXSourcesBuildPhase section */

/* Begin PBXVariantGroup section */
		DD7AB3B3291F5C36000643E1 /* Main.storyboard */ = {
			isa = PBXVariantGroup;
			children = (
				DD7AB3B4291F5C36000643E1 /* Base */,
			);
			name = Main.storyboard;
			sourceTree = "<group>";
		};
		DD7AB3B8291F5C37000643E1 /* LaunchScreen.storyboard */ = {
			isa = PBXVariantGroup;
			children = (
				DD7AB3B9291F5C37000643E1 /* Base */,
			);
			name = LaunchScreen.storyboard;
			sourceTree = "<group>";
		};
/* End PBXVariantGroup section */

/* Begin XCBuildConfiguration section */
		DD7AB3BC291F5C37000643E1 /* Debug */ = {
			isa = XCBuildConfiguration;
			buildSettings = {
				ALWAYS_SEARCH_USER_PATHS = NO;
				CLANG_ANALYZER_NONNULL = YES;
				CLANG_ANALYZER_NUMBER_OBJECT_CONVERSION = YES_AGGRESSIVE;
				CLANG_CXX_LANGUAGE_STANDARD = "gnu++17";
				CLANG_ENABLE_MODULES = YES;
				CLANG_ENABLE_OBJC_ARC = YES;
				CLANG_ENABLE_OBJC_WEAK = YES;
				CLANG_WARN_BLOCK_CAPTURE_AUTORELEASING = YES;
				CLANG_WARN_BOOL_CONVERSION = YES;
				CLANG_WARN_COMMA = YES;
				CLANG_WARN_CONSTANT_CONVERSION = YES;
				CLANG_WARN_DEPRECATED_OBJC_IMPLEMENTATIONS = YES;
				CLANG_WARN_DIRECT_OBJC_ISA_USAGE = YES_ERROR;
				CLANG_WARN_DOCUMENTATION_COMMENTS = YES;
				CLANG_WARN_EMPTY_BODY = YES;
				CLANG_WARN_ENUM_CONVERSION = YES;
				CLANG_WARN_INFINITE_RECURSION = YES;
				CLANG_WARN_INT_CONVERSION = YES;
				CLANG_WARN_NON_LITERAL_NULL_CONVERSION = YES;
				CLANG_WARN_OBJC_IMPLICIT_RETAIN_SELF = YES;
				CLANG_WARN_OBJC_LITERAL_CONVERSION = YES;
				CLANG_WARN_OBJC_ROOT_CLASS = YES_ERROR;
				CLANG_WARN_QUOTED_INCLUDE_IN_FRAMEWORK_HEADER = YES;
				CLANG_WARN_RANGE_LOOP_ANALYSIS = YES;
				CLANG_WARN_STRICT_PROTOTYPES = YES;
				CLANG_WARN_SUSPICIOUS_MOVE = YES;
				CLANG_WARN_UNGUARDED_AVAILABILITY = YES_AGGRESSIVE;
				CLANG_WARN_UNREACHABLE_CODE = YES;
				CLANG_WARN__DUPLICATE_METHOD_MATCH = YES;
				COPY_PHASE_STRIP = NO;
				DEBUG_INFORMATION_FORMAT = dwarf;
				ENABLE_STRICT_OBJC_MSGSEND = YES;
				ENABLE_TESTABILITY = YES;
				GCC_C_LANGUAGE_STANDARD = gnu11;
				GCC_DYNAMIC_NO_PIC = NO;
				GCC_NO_COMMON_BLOCKS = YES;
				GCC_OPTIMIZATION_LEVEL = 0;
				GCC_PREPROCESSOR_DEFINITIONS = (
					"DEBUG=1",
					"$(inherited)",
				);
				GCC_WARN_64_TO_32_BIT_CONVERSION = YES;
				GCC_WARN_ABOUT_RETURN_TYPE = YES_ERROR;
				GCC_WARN_UNDECLARED_SELECTOR = YES;
				GCC_WARN_UNINITIALIZED_AUTOS = YES_AGGRESSIVE;
				GCC_WARN_UNUSED_FUNCTION = YES;
				GCC_WARN_UNUSED_VARIABLE = YES;
				IPHONEOS_DEPLOYMENT_TARGET = 15.5;
				MTL_ENABLE_DEBUG_INFO = INCLUDE_SOURCE;
				MTL_FAST_MATH = YES;
				ONLY_ACTIVE_ARCH = YES;
				SDKROOT = iphoneos;
				SWIFT_ACTIVE_COMPILATION_CONDITIONS = DEBUG;
				SWIFT_OPTIMIZATION_LEVEL = "-Onone";
			};
			name = Debug;
		};
		DD7AB3BD291F5C37000643E1 /* Release */ = {
			isa = XCBuildConfiguration;
			buildSettings = {
				ALWAYS_SEARCH_USER_PATHS = NO;
				CLANG_ANALYZER_NONNULL = YES;
				CLANG_ANALYZER_NUMBER_OBJECT_CONVERSION = YES_AGGRESSIVE;
				CLANG_CXX_LANGUAGE_STANDARD = "gnu++17";
				CLANG_ENABLE_MODULES = YES;
				CLANG_ENABLE_OBJC_ARC = YES;
				CLANG_ENABLE_OBJC_WEAK = YES;
				CLANG_WARN_BLOCK_CAPTURE_AUTORELEASING = YES;
				CLANG_WARN_BOOL_CONVERSION = YES;
				CLANG_WARN_COMMA = YES;
				CLANG_WARN_CONSTANT_CONVERSION = YES;
				CLANG_WARN_DEPRECATED_OBJC_IMPLEMENTATIONS = YES;
				CLANG_WARN_DIRECT_OBJC_ISA_USAGE = YES_ERROR;
				CLANG_WARN_DOCUMENTATION_COMMENTS = YES;
				CLANG_WARN_EMPTY_BODY = YES;
				CLANG_WARN_ENUM_CONVERSION = YES;
				CLANG_WARN_INFINITE_RECURSION = YES;
				CLANG_WARN_INT_CONVERSION = YES;
				CLANG_WARN_NON_LITERAL_NULL_CONVERSION = YES;
				CLANG_WARN_OBJC_IMPLICIT_RETAIN_SELF = YES;
				CLANG_WARN_OBJC_LITERAL_CONVERSION = YES;
				CLANG_WARN_OBJC_ROOT_CLASS = YES_ERROR;
				CLANG_WARN_QUOTED_INCLUDE_IN_FRAMEWORK_HEADER = YES;
				CLANG_WARN_RANGE_LOOP_ANALYSIS = YES;
				CLANG_WARN_STRICT_PROTOTYPES = YES;
				CLANG_WARN_SUSPICIOUS_MOVE = YES;
				CLANG_WARN_UNGUARDED_AVAILABILITY = YES_AGGRESSIVE;
				CLANG_WARN_UNREACHABLE_CODE = YES;
				CLANG_WARN__DUPLICATE_METHOD_MATCH = YES;
				COPY_PHASE_STRIP = NO;
				DEBUG_INFORMATION_FORMAT = "dwarf-with-dsym";
				ENABLE_NS_ASSERTIONS = NO;
				ENABLE_STRICT_OBJC_MSGSEND = YES;
				GCC_C_LANGUAGE_STANDARD = gnu11;
				GCC_NO_COMMON_BLOCKS = YES;
				GCC_WARN_64_TO_32_BIT_CONVERSION = YES;
				GCC_WARN_ABOUT_RETURN_TYPE = YES_ERROR;
				GCC_WARN_UNDECLARED_SELECTOR = YES;
				GCC_WARN_UNINITIALIZED_AUTOS = YES_AGGRESSIVE;
				GCC_WARN_UNUSED_FUNCTION = YES;
				GCC_WARN_UNUSED_VARIABLE = YES;
				IPHONEOS_DEPLOYMENT_TARGET = 15.5;
				MTL_ENABLE_DEBUG_INFO = NO;
				MTL_FAST_MATH = YES;
				SDKROOT = iphoneos;
				SWIFT_COMPILATION_MODE = wholemodule;
				SWIFT_OPTIMIZATION_LEVEL = "-O";
				VALIDATE_PRODUCT = YES;
			};
			name = Release;
		};
		DD7AB3BF291F5C37000643E1 /* Debug */ = {
			isa = XCBuildConfiguration;
			baseConfigurationReference = 76EAD4EC3BA182354E1DD45B /* Pods-Taste.debug.xcconfig */;
			buildSettings = {
				ASSETCATALOG_COMPILER_APPICON_NAME = AppIcon;
				ASSETCATALOG_COMPILER_GLOBAL_ACCENT_COLOR_NAME = AccentColor;
				CODE_SIGN_STYLE = Automatic;
				CURRENT_PROJECT_VERSION = 1;
				GENERATE_INFOPLIST_FILE = YES;
				INFOPLIST_FILE = Taste/Info.plist;
				INFOPLIST_KEY_UIApplicationSupportsIndirectInputEvents = YES;
				INFOPLIST_KEY_UILaunchStoryboardName = LaunchScreen;
				INFOPLIST_KEY_UIMainStoryboardFile = Main;
				INFOPLIST_KEY_UISupportedInterfaceOrientations_iPad = "UIInterfaceOrientationPortrait UIInterfaceOrientationPortraitUpsideDown UIInterfaceOrientationLandscapeLeft UIInterfaceOrientationLandscapeRight";
				INFOPLIST_KEY_UISupportedInterfaceOrientations_iPhone = "UIInterfaceOrientationPortrait UIInterfaceOrientationLandscapeLeft UIInterfaceOrientationLandscapeRight";
				LD_RUNPATH_SEARCH_PATHS = (
					"$(inherited)",
					"@executable_path/Frameworks",
				);
				MARKETING_VERSION = 1.0;
				PRODUCT_BUNDLE_IDENTIFIER = muhammad.Taste;
				PRODUCT_NAME = "$(TARGET_NAME)";
				SWIFT_EMIT_LOC_STRINGS = YES;
				SWIFT_VERSION = 5.0;
				TARGETED_DEVICE_FAMILY = "1,2";
			};
			name = Debug;
		};
		DD7AB3C0291F5C37000643E1 /* Release */ = {
			isa = XCBuildConfiguration;
			baseConfigurationReference = 0685FD50F75316ADBDFDC12A /* Pods-Taste.release.xcconfig */;
			buildSettings = {
				ASSETCATALOG_COMPILER_APPICON_NAME = AppIcon;
				ASSETCATALOG_COMPILER_GLOBAL_ACCENT_COLOR_NAME = AccentColor;
				CODE_SIGN_STYLE = Automatic;
				CURRENT_PROJECT_VERSION = 1;
				GENERATE_INFOPLIST_FILE = YES;
				INFOPLIST_FILE = Taste/Info.plist;
				INFOPLIST_KEY_UIApplicationSupportsIndirectInputEvents = YES;
				INFOPLIST_KEY_UILaunchStoryboardName = LaunchScreen;
				INFOPLIST_KEY_UIMainStoryboardFile = Main;
				INFOPLIST_KEY_UISupportedInterfaceOrientations_iPad = "UIInterfaceOrientationPortrait UIInterfaceOrientationPortraitUpsideDown UIInterfaceOrientationLandscapeLeft UIInterfaceOrientationLandscapeRight";
				INFOPLIST_KEY_UISupportedInterfaceOrientations_iPhone = "UIInterfaceOrientationPortrait UIInterfaceOrientationLandscapeLeft UIInterfaceOrientationLandscapeRight";
				LD_RUNPATH_SEARCH_PATHS = (
					"$(inherited)",
					"@executable_path/Frameworks",
				);
				MARKETING_VERSION = 1.0;
				PRODUCT_BUNDLE_IDENTIFIER = muhammad.Taste;
				PRODUCT_NAME = "$(TARGET_NAME)";
				SWIFT_EMIT_LOC_STRINGS = YES;
				SWIFT_VERSION = 5.0;
				TARGETED_DEVICE_FAMILY = "1,2";
			};
			name = Release;
		};
/* End XCBuildConfiguration section */

/* Begin XCConfigurationList section */
		DD7AB3A5291F5C36000643E1 /* Build configuration list for PBXProject "Taste" */ = {
			isa = XCConfigurationList;
			buildConfigurations = (
				DD7AB3BC291F5C37000643E1 /* Debug */,
				DD7AB3BD291F5C37000643E1 /* Release */,
			);
			defaultConfigurationIsVisible = 0;
			defaultConfigurationName = Release;
		};
		DD7AB3BE291F5C37000643E1 /* Build configuration list for PBXNativeTarget "Taste" */ = {
			isa = XCConfigurationList;
			buildConfigurations = (
				DD7AB3BF291F5C37000643E1 /* Debug */,
				DD7AB3C0291F5C37000643E1 /* Release */,
			);
			defaultConfigurationIsVisible = 0;
			defaultConfigurationName = Release;
		};
/* End XCConfigurationList section */
	};
	rootObject = DD7AB3A2291F5C36000643E1 /* Project object */;
}
